
Microsoft Visual Studio Solution File, Format Version 12.00
# Visual Studio Version 17
VisualStudioVersion = 17.4.33213.308
MinimumVisualStudioVersion = 10.0.40219.1
Project("{FAE04EC0-301F-11D3-BF4B-00C04F79EFBC}") = "MonoGamePlayground", "MonoGamePlayground\MonoGamePlayground.csproj", "{F344A4D2-0DEA-425D-8CC1-90178FBF43D8}"
EndProject
Project("{FAE04EC0-301F-11D3-BF4B-00C04F79EFBC}") = "AdaptiveRPG", "AdaptiveRPG\AdaptiveRPG.csproj", "{E7FA58CD-DFB8-4388-9C1D-E3C6AABE178F}"
EndProject
Global
	GlobalSection(SolutionConfigurationPlatforms) = preSolution
		Debug|Any CPU = Debug|Any CPU
		Release|Any CPU = Release|Any CPU
	EndGlobalSection
	GlobalSection(ProjectConfigurationPlatforms) = postSolution
		{F344A4D2-0DEA-425D-8CC1-90178FBF43D8}.Debug|Any CPU.ActiveCfg = Debug|Any CPU
		{F344A4D2-0DEA-425D-8CC1-90178FBF43D8}.Debug|Any CPU.Build.0 = Debug|Any CPU
		{F344A4D2-0DEA-425D-8CC1-90178FBF43D8}.Release|Any CPU.ActiveCfg = Release|Any CPU
		{F344A4D2-0DEA-425D-8CC1-90178FBF43D8}.Release|Any CPU.Build.0 = Release|Any CPU
		{E7FA58CD-DFB8-4388-9C1D-E3C6AABE178F}.Debug|Any CPU.ActiveCfg = Debug|Any CPU
		{E7FA58CD-DFB8-4388-9C1D-E3C6AABE178F}.Debug|Any CPU.Build.0 = Debug|Any CPU
		{E7FA58CD-DFB8-4388-9C1D-E3C6AABE178F}.Release|Any CPU.ActiveCfg = Release|Any CPU
		{E7FA58CD-DFB8-4388-9C1D-E3C6AABE178F}.Release|Any CPU.Build.0 = Release|Any CPU
	EndGlobalSection
	GlobalSection(SolutionProperties) = preSolution
		HideSolutionNode = FALSE
	EndGlobalSection
	GlobalSection(ExtensibilityGlobals) = postSolution
		SolutionGuid = {2BBCB348-AD92-41E1-AFE5-A86DE95E8AAB}
	EndGlobalSection
EndGlobal
